
Microsoft Visual Studio Solution File, Format Version 12.00
# Visual Studio 2012
Project("{FAE04EC0-301F-11D3-BF4B-00C04F79EFBC}") = "pass_by_value_parameter", "pass_by_value_parameter\pass_by_value_parameter.csproj", "{48910752-BABC-48BD-9D27-A85754153651}"
EndProject
Global
	GlobalSection(SolutionConfigurationPlatforms) = preSolution
		Debug|Any CPU = Debug|Any CPU
		Release|Any CPU = Release|Any CPU
	EndGlobalSection
	GlobalSection(ProjectConfigurationPlatforms) = postSolution
		{48910752-BABC-48BD-9D27-A85754153651}.Debug|Any CPU.ActiveCfg = Debug|Any CPU
		{48910752-BABC-48BD-9D27-A85754153651}.Debug|Any CPU.Build.0 = Debug|Any CPU
		{48910752-BABC-48BD-9D27-A85754153651}.Release|Any CPU.ActiveCfg = Release|Any CPU
		{48910752-BABC-48BD-9D27-A85754153651}.Release|Any CPU.Build.0 = Release|Any CPU
	EndGlobalSection
EndGlobal
